{
  "name": "comress-algo",
  "version": "1.0.0",
  "lockfileVersion": 3,
  "requires": true,
  "packages": {
    "": {
      "name": "comress-algo",
      "version": "1.0.0",
      "license": "ISC",
      "dependencies": {
        "@onesy/lz77": "^1.0.0",
        "@types/node": "^22.13.5"
      }
    },
    "node_modules/@babel/runtime": {
      "version": "7.26.9",
      "resolved": "https://registry.npmjs.org/@babel/runtime/-/runtime-7.26.9.tgz",
      "integrity": "sha512-aA63XwOkcl4xxQa3HjPMqOP6LiK0ZDv3mUPYEFXkpHbaFjtGggE1A61FjFzJnB+p7/oy2gA8E+rcBNl/zC1tMg==",
      "dependencies": {
        "regenerator-runtime": "^0.14.0"
      },
      "engines": {
        "node": ">=6.9.0"
      }
    },
    "node_modules/@onesy/date": {
      "version": "1.0.0",
      "resolved": "https://registry.npmjs.org/@onesy/date/-/date-1.0.0.tgz",
      "integrity": "sha512-I9wS+xevc2BwpuJtPLxMt8467c+ishoUCav5ZE17C0U55GtntiPCZpPqthelNH6A11O9rNhkw7oP54S4E/q9Ng==",
      "dependencies": {
        "@babel/runtime": "^7.18.3",
        "@onesy/utils": "^1.0.0"
      },
      "engines": {
        "node": ">=12.0.0",
        "yarn": ">=1.22"
      }
    },
    "node_modules/@onesy/lz77": {
      "version": "1.0.0",
      "resolved": "https://registry.npmjs.org/@onesy/lz77/-/lz77-1.0.0.tgz",
      "integrity": "sha512-pJ/KsqCNKuRjtXOlTHSzjxRJ2ItRXGv+1D4JXe0EPWZaiWHnseA0qRdk90gI3fCoEbrKgK+JmlqylvjyiKCHzQ==",
      "dependencies": {
        "@babel/runtime": "^7.18.3",
        "@onesy/date": "^1.0.0",
        "@onesy/utils": "^1.0.0"
      },
      "engines": {
        "node": ">=12.0.0",
        "yarn": ">=1.22"
      }
    },
    "node_modules/@onesy/utils": {
      "version": "1.0.2",
      "resolved": "https://registry.npmjs.org/@onesy/utils/-/utils-1.0.2.tgz",
      "integrity": "sha512-qGAOEDKZQkSVvk6PPJPKiO/xb0ot/cvN/hja+FA2M5okGMd3obmG459Y9O7vjRYU/BCSp2+mu7ckJU4xSieRQw==",
      "dependencies": {
        "@babel/runtime": "^7.18.3",
        "crypto-js": "^4.1.1",
        "path-to-regexp": "^6.2.0",
        "uuid": "^8.3.2"
      },
      "engines": {
        "node": ">=12.0.0",
        "yarn": ">=1.22"
      }
    },
    "node_modules/@types/node": {
      "version": "22.13.5",
      "resolved": "https://registry.npmjs.org/@types/node/-/node-22.13.5.tgz",
      "integrity": "sha512-+lTU0PxZXn0Dr1NBtC7Y8cR21AJr87dLLU953CWA6pMxxv/UDc7jYAY90upcrie1nRcD6XNG5HOYEDtgW5TxAg==",
      "dependencies": {
        "undici-types": "~6.20.0"
      }
    },
    "node_modules/crypto-js": {
      "version": "4.2.0",
      "resolved": "https://registry.npmjs.org/crypto-js/-/crypto-js-4.2.0.tgz",
      "integrity": "sha512-KALDyEYgpY+Rlob/iriUtjV6d5Eq+Y191A5g4UqLAi8CyGP9N1+FdVbkc1SxKc2r4YAYqG8JzO2KGL+AizD70Q=="
    },
    "node_modules/path-to-regexp": {
      "version": "6.3.0",
      "resolved": "https://registry.npmjs.org/path-to-regexp/-/path-to-regexp-6.3.0.tgz",
      "integrity": "sha512-Yhpw4T9C6hPpgPeA28us07OJeqZ5EzQTkbfwuhsUg0c237RomFoETJgmp2sa3F/41gfLE6G5cqcYwznmeEeOlQ=="
    },
    "node_modules/regenerator-runtime": {
      "version": "0.14.1",
      "resolved": "https://registry.npmjs.org/regenerator-runtime/-/regenerator-runtime-0.14.1.tgz",
      "integrity": "sha512-dYnhHh0nJoMfnkZs6GmmhFknAGRrLznOu5nc9ML+EJxGvrx6H7teuevqVqCuPcPK//3eDrrjQhehXVx9cnkGdw=="
    },
    "node_modules/undici-types": {
      "version": "6.20.0",
      "resolved": "https://registry.npmjs.org/undici-types/-/undici-types-6.20.0.tgz",
      "integrity": "sha512-Ny6QZ2Nju20vw1SRHe3d9jVu6gJ+4e3+MMpqu7pqE5HT6WsTSlce++GQmK5UXS8mzV8DSYHrQH+Xrf2jVcuKNg=="
    },
    "node_modules/uuid": {
      "version": "8.3.2",
      "resolved": "https://registry.npmjs.org/uuid/-/uuid-8.3.2.tgz",
      "integrity": "sha512-+NYs2QeMWy+GWFOEm9xnn6HCDp0l7QBD7ml8zLUmJ+93Q5NF0NocErnwkTkXVFNiX3/fpC6afS8Dhb/gz7R7eg==",
      "bin": {
        "uuid": "dist/bin/uuid"
      }
    }
  }
}
